
Microsoft Visual Studio Solution File, Format Version 12.00
# Visual Studio Version 17
VisualStudioVersion = 17.13.35919.96
MinimumVisualStudioVersion = 10.0.40219.1
Project("{2150E333-8FDC-42A3-9474-1A3956D46DE8}") = "src", "src", "{02EA681E-C7D8-13C7-8484-4AC65E1B71E8}"
EndProject
Project("{2150E333-8FDC-42A3-9474-1A3956D46DE8}") = "samples", "samples", "{6266305E-072F-4CEE-8E34-DEF2EE7118DA}"
EndProject
Project("{FAE04EC0-301F-11D3-BF4B-00C04F79EFBC}") = "SharpMQ", "src\SharpMQ\SharpMQ.csproj", "{65F4F364-64AC-4DE1-8748-36AED706C361}"
EndProject
Project("{FAE04EC0-301F-11D3-BF4B-00C04F79EFBC}") = "SharpMQ.Abstractions", "src\SharpMQ.Abstractions\SharpMQ.Abstractions.csproj", "{8FF06C39-6F74-4613-99DE-2E9DA1DAADC4}"
EndProject
Project("{FAE04EC0-301F-11D3-BF4B-00C04F79EFBC}") = "SharpMQ.Serializer.Abstractions", "src\SharpMQ.Serializer.Abstractions\SharpMQ.Serializer.Abstractions.csproj", "{340A9708-FD2B-4BD6-8F1C-77AD5E682137}"
EndProject
Project("{FAE04EC0-301F-11D3-BF4B-00C04F79EFBC}") = "SharpMQ.Extensions", "src\SharpMQ.Extensions\SharpMQ.Extensions.csproj", "{534A6FB0-7318-4993-A1FC-5164758909F1}"
EndProject
Project("{FAE04EC0-301F-11D3-BF4B-00C04F79EFBC}") = "Sample.App", "samples\Sample.App\Sample.App.csproj", "{EAE0F540-1812-4251-AD89-8FF9D27C7EB9}"
EndProject
Project("{E53339B2-1760-4266-BCC7-CA923CBCF16C}") = "docker-compose", "docker-compose.dcproj", "{81DDED9D-158B-E303-5F62-77A2896D2A5A}"
EndProject
Project("{2150E333-8FDC-42A3-9474-1A3956D46DE8}") = "tests", "tests", "{C4779BB2-B4AE-47AB-BA3B-8B12C42FEA52}"
EndProject
Project("{FAE04EC0-301F-11D3-BF4B-00C04F79EFBC}") = "SharpMQ.Unit.Test", "tests\SharpMQ.Unit.Test\SharpMQ.Unit.Test.csproj", "{265CA311-D6CD-42D9-CF33-0DF48BDF1217}"
EndProject
Global
	GlobalSection(SolutionConfigurationPlatforms) = preSolution
		Debug|Any CPU = Debug|Any CPU
		Release|Any CPU = Release|Any CPU
	EndGlobalSection
	GlobalSection(ProjectConfigurationPlatforms) = postSolution
		{65F4F364-64AC-4DE1-8748-36AED706C361}.Debug|Any CPU.ActiveCfg = Debug|Any CPU
		{65F4F364-64AC-4DE1-8748-36AED706C361}.Debug|Any CPU.Build.0 = Debug|Any CPU
		{65F4F364-64AC-4DE1-8748-36AED706C361}.Release|Any CPU.ActiveCfg = Release|Any CPU
		{65F4F364-64AC-4DE1-8748-36AED706C361}.Release|Any CPU.Build.0 = Release|Any CPU
		{8FF06C39-6F74-4613-99DE-2E9DA1DAADC4}.Debug|Any CPU.ActiveCfg = Debug|Any CPU
		{8FF06C39-6F74-4613-99DE-2E9DA1DAADC4}.Debug|Any CPU.Build.0 = Debug|Any CPU
		{8FF06C39-6F74-4613-99DE-2E9DA1DAADC4}.Release|Any CPU.ActiveCfg = Release|Any CPU
		{8FF06C39-6F74-4613-99DE-2E9DA1DAADC4}.Release|Any CPU.Build.0 = Release|Any CPU
		{340A9708-FD2B-4BD6-8F1C-77AD5E682137}.Debug|Any CPU.ActiveCfg = Debug|Any CPU
		{340A9708-FD2B-4BD6-8F1C-77AD5E682137}.Debug|Any CPU.Build.0 = Debug|Any CPU
		{340A9708-FD2B-4BD6-8F1C-77AD5E682137}.Release|Any CPU.ActiveCfg = Release|Any CPU
		{340A9708-FD2B-4BD6-8F1C-77AD5E682137}.Release|Any CPU.Build.0 = Release|Any CPU
		{534A6FB0-7318-4993-A1FC-5164758909F1}.Debug|Any CPU.ActiveCfg = Debug|Any CPU
		{534A6FB0-7318-4993-A1FC-5164758909F1}.Debug|Any CPU.Build.0 = Debug|Any CPU
		{534A6FB0-7318-4993-A1FC-5164758909F1}.Release|Any CPU.ActiveCfg = Release|Any CPU
		{534A6FB0-7318-4993-A1FC-5164758909F1}.Release|Any CPU.Build.0 = Release|Any CPU
		{EAE0F540-1812-4251-AD89-8FF9D27C7EB9}.Debug|Any CPU.ActiveCfg = Debug|Any CPU
		{EAE0F540-1812-4251-AD89-8FF9D27C7EB9}.Debug|Any CPU.Build.0 = Debug|Any CPU
		{EAE0F540-1812-4251-AD89-8FF9D27C7EB9}.Release|Any CPU.ActiveCfg = Release|Any CPU
		{EAE0F540-1812-4251-AD89-8FF9D27C7EB9}.Release|Any CPU.Build.0 = Release|Any CPU
		{81DDED9D-158B-E303-5F62-77A2896D2A5A}.Debug|Any CPU.ActiveCfg = Debug|Any CPU
		{81DDED9D-158B-E303-5F62-77A2896D2A5A}.Debug|Any CPU.Build.0 = Debug|Any CPU
		{81DDED9D-158B-E303-5F62-77A2896D2A5A}.Release|Any CPU.ActiveCfg = Release|Any CPU
		{81DDED9D-158B-E303-5F62-77A2896D2A5A}.Release|Any CPU.Build.0 = Release|Any CPU
		{265CA311-D6CD-42D9-CF33-0DF48BDF1217}.Debug|Any CPU.ActiveCfg = Debug|Any CPU
		{265CA311-D6CD-42D9-CF33-0DF48BDF1217}.Debug|Any CPU.Build.0 = Debug|Any CPU
		{265CA311-D6CD-42D9-CF33-0DF48BDF1217}.Release|Any CPU.ActiveCfg = Release|Any CPU
		{265CA311-D6CD-42D9-CF33-0DF48BDF1217}.Release|Any CPU.Build.0 = Release|Any CPU
	EndGlobalSection
	GlobalSection(SolutionProperties) = preSolution
		HideSolutionNode = FALSE
	EndGlobalSection
	GlobalSection(NestedProjects) = preSolution
		{65F4F364-64AC-4DE1-8748-36AED706C361} = {02EA681E-C7D8-13C7-8484-4AC65E1B71E8}
		{8FF06C39-6F74-4613-99DE-2E9DA1DAADC4} = {02EA681E-C7D8-13C7-8484-4AC65E1B71E8}
		{340A9708-FD2B-4BD6-8F1C-77AD5E682137} = {02EA681E-C7D8-13C7-8484-4AC65E1B71E8}
		{534A6FB0-7318-4993-A1FC-5164758909F1} = {02EA681E-C7D8-13C7-8484-4AC65E1B71E8}
		{EAE0F540-1812-4251-AD89-8FF9D27C7EB9} = {6266305E-072F-4CEE-8E34-DEF2EE7118DA}
		{265CA311-D6CD-42D9-CF33-0DF48BDF1217} = {C4779BB2-B4AE-47AB-BA3B-8B12C42FEA52}
	EndGlobalSection
	GlobalSection(ExtensibilityGlobals) = postSolution
		SolutionGuid = {25C77FD9-3F88-494C-855C-6405E3DF3586}
	EndGlobalSection
EndGlobal
